
Microsoft Visual Studio Solution File, Format Version 12.00
# Visual Studio Version 17
VisualStudioVersion = 17.4.33110.190
MinimumVisualStudioVersion = 10.0.40219.1
Project("{9A19103F-16F7-4668-BE54-9A1E7A4F7556}") = "BatchRename", "BatchRename\BatchRename.csproj", "{B6800288-A577-4B25-BFA7-D752BD083527}"
EndProject
Project("{9A19103F-16F7-4668-BE54-9A1E7A4F7556}") = "BatchRenameAddPrefixRuleLib", "BatchRenameAddPrefixRuleLib\BatchRenameAddPrefixRuleLib.csproj", "{EB6310C7-FCC1-4DA6-9916-801050066A5B}"
EndProject
Project("{FAE04EC0-301F-11D3-BF4B-00C04F79EFBC}") = "IRuleLib", "IRuleLib\IRuleLib.csproj", "{6076B105-F601-464C-89BE-6886323D5086}"
EndProject
Global
	GlobalSection(SolutionConfigurationPlatforms) = preSolution
		Debug|Any CPU = Debug|Any CPU
		Release|Any CPU = Release|Any CPU
	EndGlobalSection
	GlobalSection(ProjectConfigurationPlatforms) = postSolution
		{B6800288-A577-4B25-BFA7-D752BD083527}.Debug|Any CPU.ActiveCfg = Debug|Any CPU
		{B6800288-A577-4B25-BFA7-D752BD083527}.Debug|Any CPU.Build.0 = Debug|Any CPU
		{B6800288-A577-4B25-BFA7-D752BD083527}.Release|Any CPU.ActiveCfg = Release|Any CPU
		{B6800288-A577-4B25-BFA7-D752BD083527}.Release|Any CPU.Build.0 = Release|Any CPU
		{EB6310C7-FCC1-4DA6-9916-801050066A5B}.Debug|Any CPU.ActiveCfg = Debug|Any CPU
		{EB6310C7-FCC1-4DA6-9916-801050066A5B}.Debug|Any CPU.Build.0 = Debug|Any CPU
		{EB6310C7-FCC1-4DA6-9916-801050066A5B}.Release|Any CPU.ActiveCfg = Release|Any CPU
		{EB6310C7-FCC1-4DA6-9916-801050066A5B}.Release|Any CPU.Build.0 = Release|Any CPU
		{6076B105-F601-464C-89BE-6886323D5086}.Debug|Any CPU.ActiveCfg = Debug|Any CPU
		{6076B105-F601-464C-89BE-6886323D5086}.Debug|Any CPU.Build.0 = Debug|Any CPU
		{6076B105-F601-464C-89BE-6886323D5086}.Release|Any CPU.ActiveCfg = Release|Any CPU
		{6076B105-F601-464C-89BE-6886323D5086}.Release|Any CPU.Build.0 = Release|Any CPU
	EndGlobalSection
	GlobalSection(SolutionProperties) = preSolution
		HideSolutionNode = FALSE
	EndGlobalSection
	GlobalSection(ExtensibilityGlobals) = postSolution
		SolutionGuid = {E974D4F3-BCF6-4226-8AB4-B66AE0C76CA9}
	EndGlobalSection
EndGlobal
